
Microsoft Visual Studio Solution File, Format Version 12.00
# Visual Studio Version 16
VisualStudioVersion = 16.0.30204.135
MinimumVisualStudioVersion = 10.0.40219.1
Project("{FAE04EC0-301F-11D3-BF4B-00C04F79EFBC}") = "TestVSGit", "TestVSGit\TestVSGit.csproj", "{712E92B7-192B-432E-8F15-51C48C510124}"
EndProject
Global
	GlobalSection(SolutionConfigurationPlatforms) = preSolution
		Debug|Any CPU = Debug|Any CPU
		Release|Any CPU = Release|Any CPU
	EndGlobalSection
	GlobalSection(ProjectConfigurationPlatforms) = postSolution
		{712E92B7-192B-432E-8F15-51C48C510124}.Debug|Any CPU.ActiveCfg = Debug|Any CPU
		{712E92B7-192B-432E-8F15-51C48C510124}.Debug|Any CPU.Build.0 = Debug|Any CPU
		{712E92B7-192B-432E-8F15-51C48C510124}.Release|Any CPU.ActiveCfg = Release|Any CPU
		{712E92B7-192B-432E-8F15-51C48C510124}.Release|Any CPU.Build.0 = Release|Any CPU
	EndGlobalSection
	GlobalSection(SolutionProperties) = preSolution
		HideSolutionNode = FALSE
	EndGlobalSection
	GlobalSection(ExtensibilityGlobals) = postSolution
		SolutionGuid = {05B618D1-5B6A-40D9-A9D9-2EBEC3D95184}
	EndGlobalSection
EndGlobal
